// !$*UTF8*$!
{
	archiveVersion = 1;
	classes = {
	};
	objectVersion = 50;
	objects = {

/* Begin PBXBuildFile section */
		C30ED68121FD267200F64C47 /* AppDelegate.swift in Sources */ = {isa = PBXBuildFile; fileRef = C30ED68021FD267200F64C47 /* AppDelegate.swift */; };
		C30ED68321FD267200F64C47 /* MainVC.swift in Sources */ = {isa = PBXBuildFile; fileRef = C30ED68221FD267200F64C47 /* MainVC.swift */; };
		C30ED68621FD267200F64C47 /* Main.storyboard in Resources */ = {isa = PBXBuildFile; fileRef = C30ED68421FD267200F64C47 /* Main.storyboard */; };
		C30ED68921FD267200F64C47 /* MyRestaturant.xcdatamodeld in Sources */ = {isa = PBXBuildFile; fileRef = C30ED68721FD267200F64C47 /* MyRestaturant.xcdatamodeld */; };
		C30ED68B21FD267400F64C47 /* Assets.xcassets in Resources */ = {isa = PBXBuildFile; fileRef = C30ED68A21FD267400F64C47 /* Assets.xcassets */; };
		C30ED68E21FD267400F64C47 /* LaunchScreen.storyboard in Resources */ = {isa = PBXBuildFile; fileRef = C30ED68C21FD267400F64C47 /* LaunchScreen.storyboard */; };
		C30ED69921FD267400F64C47 /* MyRestaturantTests.swift in Sources */ = {isa = PBXBuildFile; fileRef = C30ED69821FD267400F64C47 /* MyRestaturantTests.swift */; };
		C30ED6A421FD267500F64C47 /* MyRestaturantUITests.swift in Sources */ = {isa = PBXBuildFile; fileRef = C30ED6A321FD267500F64C47 /* MyRestaturantUITests.swift */; };
		C30ED6B621FF700200F64C47 /* Default-568h@2x.png in Resources */ = {isa = PBXBuildFile; fileRef = C30ED6B521FF700200F64C47 /* Default-568h@2x.png */; };
		C30ED6BA21FF795E00F64C47 /* SWRevealViewController.m in Sources */ = {isa = PBXBuildFile; fileRef = C30ED6B821FF795E00F64C47 /* SWRevealViewController.m */; };
		C30ED6BC21FF9EE900F64C47 /* MainMenuVC.swift in Sources */ = {isa = PBXBuildFile; fileRef = C30ED6BB21FF9EE900F64C47 /* MainMenuVC.swift */; };
		C30ED6BE21FFA57900F64C47 /* CellVC.swift in Sources */ = {isa = PBXBuildFile; fileRef = C30ED6BD21FFA57900F64C47 /* CellVC.swift */; };
		C30ED6C021FFAE9B00F64C47 /* FirstVC.swift in Sources */ = {isa = PBXBuildFile; fileRef = C30ED6BF21FFAE9B00F64C47 /* FirstVC.swift */; };
		C3C81B052200EA2A0045E60F /* InventoryVC.swift in Sources */ = {isa = PBXBuildFile; fileRef = C3C81B042200EA2A0045E60F /* InventoryVC.swift */; };
		C3C81B072200EB260045E60F /* RecipeVC.swift in Sources */ = {isa = PBXBuildFile; fileRef = C3C81B062200EB260045E60F /* RecipeVC.swift */; };
		C3C81B092200F8510045E60F /* MenuItemVC.swift in Sources */ = {isa = PBXBuildFile; fileRef = C3C81B082200F8510045E60F /* MenuItemVC.swift */; };
		C3C81B0B2200FD040045E60F /* MeterialViews.swift in Sources */ = {isa = PBXBuildFile; fileRef = C3C81B0A2200FD040045E60F /* MeterialViews.swift */; };
		C3C81B0D22010F2C0045E60F /* CollectionCellVC.swift in Sources */ = {isa = PBXBuildFile; fileRef = C3C81B0C22010F2C0045E60F /* CollectionCellVC.swift */; };
		C3C81B0F22011EBB0045E60F /* CalendarVars.swift in Sources */ = {isa = PBXBuildFile; fileRef = C3C81B0E22011EBB0045E60F /* CalendarVars.swift */; };
		C3C81B1122011F0A0045E60F /* DateCell.swift in Sources */ = {isa = PBXBuildFile; fileRef = C3C81B1022011F0A0045E60F /* DateCell.swift */; };
		C3C81B1322011F540045E60F /* ViewController.swift in Sources */ = {isa = PBXBuildFile; fileRef = C3C81B1222011F540045E60F /* ViewController.swift */; };
		C3C81B15220127340045E60F /* DateSelectVC.swift in Sources */ = {isa = PBXBuildFile; fileRef = C3C81B14220127340045E60F /* DateSelectVC.swift */; };
		C3C81B17220134550045E60F /* SettingsTableViewVC.swift in Sources */ = {isa = PBXBuildFile; fileRef = C3C81B16220134550045E60F /* SettingsTableViewVC.swift */; };
		C3C81B582204ECB20045E60F /* InventoryCellVC.swift in Sources */ = {isa = PBXBuildFile; fileRef = C3C81B572204ECB20045E60F /* InventoryCellVC.swift */; };
		C3FA5B81221CA5A1008356AC /* RecipeCellVC.swift in Sources */ = {isa = PBXBuildFile; fileRef = C3FA5B80221CA5A1008356AC /* RecipeCellVC.swift */; };
		C3FA5B83221CA5CA008356AC /* RecipeDetailVC.swift in Sources */ = {isa = PBXBuildFile; fileRef = C3FA5B82221CA5CA008356AC /* RecipeDetailVC.swift */; };
/* End PBXBuildFile section */

/* Begin PBXContainerItemProxy section */
		C30ED69521FD267400F64C47 /* PBXContainerItemProxy */ = {
			isa = PBXContainerItemProxy;
			containerPortal = C30ED67521FD267200F64C47 /* Project object */;
			proxyType = 1;
			remoteGlobalIDString = C30ED67C21FD267200F64C47;
			remoteInfo = MyRestaturant;
		};
		C30ED6A021FD267400F64C47 /* PBXContainerItemProxy */ = {
			isa = PBXContainerItemProxy;
			containerPortal = C30ED67521FD267200F64C47 /* Project object */;
			proxyType = 1;
			remoteGlobalIDString = C30ED67C21FD267200F64C47;
			remoteInfo = MyRestaturant;
		};
/* End PBXContainerItemProxy section */

/* Begin PBXFileReference section */
		C30ED67D21FD267200F64C47 /* MyRestaturant.app */ = {isa = PBXFileReference; explicitFileType = wrapper.application; includeInIndex = 0; path = MyRestaturant.app; sourceTree = BUILT_PRODUCTS_DIR; };
		C30ED68021FD267200F64C47 /* AppDelegate.swift */ = {isa = PBXFileReference; lastKnownFileType = sourcecode.swift; path = AppDelegate.swift; sourceTree = "<group>"; };
		C30ED68221FD267200F64C47 /* MainVC.swift */ = {isa = PBXFileReference; lastKnownFileType = sourcecode.swift; path = MainVC.swift; sourceTree = "<group>"; };
		C30ED68521FD267200F64C47 /* Base */ = {isa = PBXFileReference; lastKnownFileType = file.storyboard; name = Base; path = Base.lproj/Main.storyboard; sourceTree = "<group>"; };
		C30ED68821FD267200F64C47 /* MyRestaturant.xcdatamodel */ = {isa = PBXFileReference; lastKnownFileType = wrapper.xcdatamodel; path = MyRestaturant.xcdatamodel; sourceTree = "<group>"; };
		C30ED68A21FD267400F64C47 /* Assets.xcassets */ = {isa = PBXFileReference; lastKnownFileType = folder.assetcatalog; path = Assets.xcassets; sourceTree = "<group>"; };
		C30ED68D21FD267400F64C47 /* Base */ = {isa = PBXFileReference; lastKnownFileType = file.storyboard; name = Base; path = Base.lproj/LaunchScreen.storyboard; sourceTree = "<group>"; };
		C30ED68F21FD267400F64C47 /* Info.plist */ = {isa = PBXFileReference; lastKnownFileType = text.plist.xml; path = Info.plist; sourceTree = "<group>"; };
		C30ED69421FD267400F64C47 /* MyRestaturantTests.xctest */ = {isa = PBXFileReference; explicitFileType = wrapper.cfbundle; includeInIndex = 0; path = MyRestaturantTests.xctest; sourceTree = BUILT_PRODUCTS_DIR; };
		C30ED69821FD267400F64C47 /* MyRestaturantTests.swift */ = {isa = PBXFileReference; lastKnownFileType = sourcecode.swift; path = MyRestaturantTests.swift; sourceTree = "<group>"; };
		C30ED69A21FD267400F64C47 /* Info.plist */ = {isa = PBXFileReference; lastKnownFileType = text.plist.xml; path = Info.plist; sourceTree = "<group>"; };
		C30ED69F21FD267400F64C47 /* MyRestaturantUITests.xctest */ = {isa = PBXFileReference; explicitFileType = wrapper.cfbundle; includeInIndex = 0; path = MyRestaturantUITests.xctest; sourceTree = BUILT_PRODUCTS_DIR; };
		C30ED6A321FD267500F64C47 /* MyRestaturantUITests.swift */ = {isa = PBXFileReference; lastKnownFileType = sourcecode.swift; path = MyRestaturantUITests.swift; sourceTree = "<group>"; };
		C30ED6A521FD267500F64C47 /* Info.plist */ = {isa = PBXFileReference; lastKnownFileType = text.plist.xml; path = Info.plist; sourceTree = "<group>"; };
		C30ED6B521FF700200F64C47 /* Default-568h@2x.png */ = {isa = PBXFileReference; lastKnownFileType = image.png; path = "Default-568h@2x.png"; sourceTree = "<group>"; };
		C30ED6B721FF795D00F64C47 /* MyRestaturant-Bridging-Header.h */ = {isa = PBXFileReference; lastKnownFileType = sourcecode.c.h; path = "MyRestaturant-Bridging-Header.h"; sourceTree = "<group>"; };
		C30ED6B821FF795E00F64C47 /* SWRevealViewController.m */ = {isa = PBXFileReference; fileEncoding = 4; lastKnownFileType = sourcecode.c.objc; path = SWRevealViewController.m; sourceTree = "<group>"; };
		C30ED6B921FF795E00F64C47 /* SWRevealViewController.h */ = {isa = PBXFileReference; fileEncoding = 4; lastKnownFileType = sourcecode.c.h; path = SWRevealViewController.h; sourceTree = "<group>"; };
		C30ED6BB21FF9EE900F64C47 /* MainMenuVC.swift */ = {isa = PBXFileReference; lastKnownFileType = sourcecode.swift; path = MainMenuVC.swift; sourceTree = "<group>"; };
		C30ED6BD21FFA57900F64C47 /* CellVC.swift */ = {isa = PBXFileReference; lastKnownFileType = sourcecode.swift; path = CellVC.swift; sourceTree = "<group>"; };
		C30ED6BF21FFAE9B00F64C47 /* FirstVC.swift */ = {isa = PBXFileReference; lastKnownFileType = sourcecode.swift; path = FirstVC.swift; sourceTree = "<group>"; };
		C3C81B042200EA2A0045E60F /* InventoryVC.swift */ = {isa = PBXFileReference; lastKnownFileType = sourcecode.swift; path = InventoryVC.swift; sourceTree = "<group>"; };
		C3C81B062200EB260045E60F /* RecipeVC.swift */ = {isa = PBXFileReference; lastKnownFileType = sourcecode.swift; path = RecipeVC.swift; sourceTree = "<group>"; };
		C3C81B082200F8510045E60F /* MenuItemVC.swift */ = {isa = PBXFileReference; lastKnownFileType = sourcecode.swift; path = MenuItemVC.swift; sourceTree = "<group>"; };
		C3C81B0A2200FD040045E60F /* MeterialViews.swift */ = {isa = PBXFileReference; lastKnownFileType = sourcecode.swift; path = MeterialViews.swift; sourceTree = "<group>"; };
		C3C81B0C22010F2C0045E60F /* CollectionCellVC.swift */ = {isa = PBXFileReference; lastKnownFileType = sourcecode.swift; path = CollectionCellVC.swift; sourceTree = "<group>"; };
		C3C81B0E22011EBB0045E60F /* CalendarVars.swift */ = {isa = PBXFileReference; lastKnownFileType = sourcecode.swift; path = CalendarVars.swift; sourceTree = "<group>"; };
		C3C81B1022011F0A0045E60F /* DateCell.swift */ = {isa = PBXFileReference; lastKnownFileType = sourcecode.swift; path = DateCell.swift; sourceTree = "<group>"; };
		C3C81B1222011F540045E60F /* ViewController.swift */ = {isa = PBXFileReference; lastKnownFileType = sourcecode.swift; path = ViewController.swift; sourceTree = "<group>"; };
		C3C81B14220127340045E60F /* DateSelectVC.swift */ = {isa = PBXFileReference; lastKnownFileType = sourcecode.swift; path = DateSelectVC.swift; sourceTree = "<group>"; };
		C3C81B16220134550045E60F /* SettingsTableViewVC.swift */ = {isa = PBXFileReference; lastKnownFileType = sourcecode.swift; path = SettingsTableViewVC.swift; sourceTree = "<group>"; };
		C3C81B572204ECB20045E60F /* InventoryCellVC.swift */ = {isa = PBXFileReference; lastKnownFileType = sourcecode.swift; path = InventoryCellVC.swift; sourceTree = "<group>"; };
		C3FA5B80221CA5A1008356AC /* RecipeCellVC.swift */ = {isa = PBXFileReference; lastKnownFileType = sourcecode.swift; path = RecipeCellVC.swift; sourceTree = "<group>"; };
		C3FA5B82221CA5CA008356AC /* RecipeDetailVC.swift */ = {isa = PBXFileReference; lastKnownFileType = sourcecode.swift; path = RecipeDetailVC.swift; sourceTree = "<group>"; };
/* End PBXFileReference section */

/* Begin PBXFrameworksBuildPhase section */
		C30ED67A21FD267200F64C47 /* Frameworks */ = {
			isa = PBXFrameworksBuildPhase;
			buildActionMask = 2147483647;
			files = (
			);
			runOnlyForDeploymentPostprocessing = 0;
		};
		C30ED69121FD267400F64C47 /* Frameworks */ = {
			isa = PBXFrameworksBuildPhase;
			buildActionMask = 2147483647;
			files = (
			);
			runOnlyForDeploymentPostprocessing = 0;
		};
		C30ED69C21FD267400F64C47 /* Frameworks */ = {
			isa = PBXFrameworksBuildPhase;
			buildActionMask = 2147483647;
			files = (
			);
			runOnlyForDeploymentPostprocessing = 0;
		};
/* End PBXFrameworksBuildPhase section */

/* Begin PBXGroup section */
		C30ED67421FD267200F64C47 = {
			isa = PBXGroup;
			children = (
				C30ED67F21FD267200F64C47 /* MyRestaturant */,
				C30ED69721FD267400F64C47 /* MyRestaturantTests */,
				C30ED6A221FD267500F64C47 /* MyRestaturantUITests */,
				C30ED67E21FD267200F64C47 /* Products */,
			);
			sourceTree = "<group>";
		};
		C30ED67E21FD267200F64C47 /* Products */ = {
			isa = PBXGroup;
			children = (
				C30ED67D21FD267200F64C47 /* MyRestaturant.app */,
				C30ED69421FD267400F64C47 /* MyRestaturantTests.xctest */,
				C30ED69F21FD267400F64C47 /* MyRestaturantUITests.xctest */,
			);
			name = Products;
			sourceTree = "<group>";
		};
		C30ED67F21FD267200F64C47 /* MyRestaturant */ = {
			isa = PBXGroup;
			children = (
				C30ED6B321FD278800F64C47 /* Model */,
				C30ED6B221FD277C00F64C47 /* View */,
				C30ED6B121FD275500F64C47 /* Controllers */,
				C30ED68A21FD267400F64C47 /* Assets.xcassets */,
				C30ED6B421FD27DB00F64C47 /* Supporting Files */,
			);
			path = MyRestaturant;
			sourceTree = "<group>";
		};
		C30ED69721FD267400F64C47 /* MyRestaturantTests */ = {
			isa = PBXGroup;
			children = (
				C30ED69821FD267400F64C47 /* MyRestaturantTests.swift */,
				C30ED69A21FD267400F64C47 /* Info.plist */,
			);
			path = MyRestaturantTests;
			sourceTree = "<group>";
		};
		C30ED6A221FD267500F64C47 /* MyRestaturantUITests */ = {
			isa = PBXGroup;
			children = (
				C30ED6A321FD267500F64C47 /* MyRestaturantUITests.swift */,
				C30ED6A521FD267500F64C47 /* Info.plist */,
			);
			path = MyRestaturantUITests;
			sourceTree = "<group>";
		};
		C30ED6B121FD275500F64C47 /* Controllers */ = {
			isa = PBXGroup;
			children = (
				C30ED68021FD267200F64C47 /* AppDelegate.swift */,
				C30ED68221FD267200F64C47 /* MainVC.swift */,
				C30ED6BB21FF9EE900F64C47 /* MainMenuVC.swift */,
				C3C81B082200F8510045E60F /* MenuItemVC.swift */,
				C3C81B062200EB260045E60F /* RecipeVC.swift */,
				C3FA5B80221CA5A1008356AC /* RecipeCellVC.swift */,
				C3FA5B82221CA5CA008356AC /* RecipeDetailVC.swift */,
				C3C81B042200EA2A0045E60F /* InventoryVC.swift */,
				C3C81B572204ECB20045E60F /* InventoryCellVC.swift */,
				C3C81B0C22010F2C0045E60F /* CollectionCellVC.swift */,
				C3C81B1222011F540045E60F /* ViewController.swift */,
				C30ED6BD21FFA57900F64C47 /* CellVC.swift */,
				C3C81B1022011F0A0045E60F /* DateCell.swift */,
				C30ED6BF21FFAE9B00F64C47 /* FirstVC.swift */,
				C3C81B14220127340045E60F /* DateSelectVC.swift */,
				C3C81B16220134550045E60F /* SettingsTableViewVC.swift */,
			);
			path = Controllers;
			sourceTree = "<group>";
		};
		C30ED6B221FD277C00F64C47 /* View */ = {
			isa = PBXGroup;
			children = (
				C3C81B0A2200FD040045E60F /* MeterialViews.swift */,
				C30ED68421FD267200F64C47 /* Main.storyboard */,
				C30ED68C21FD267400F64C47 /* LaunchScreen.storyboard */,
			);
			path = View;
			sourceTree = "<group>";
		};
		C30ED6B321FD278800F64C47 /* Model */ = {
			isa = PBXGroup;
			children = (
				C3C81B0E22011EBB0045E60F /* CalendarVars.swift */,
			);
			path = Model;
			sourceTree = "<group>";
		};
		C30ED6B421FD27DB00F64C47 /* Supporting Files */ = {
			isa = PBXGroup;
			children = (
				C30ED6B921FF795E00F64C47 /* SWRevealViewController.h */,
				C30ED6B821FF795E00F64C47 /* SWRevealViewController.m */,
				C30ED6B521FF700200F64C47 /* Default-568h@2x.png */,
				C30ED68F21FD267400F64C47 /* Info.plist */,
				C30ED68721FD267200F64C47 /* MyRestaturant.xcdatamodeld */,
				C30ED6B721FF795D00F64C47 /* MyRestaturant-Bridging-Header.h */,
			);
			path = "Supporting Files";
			sourceTree = "<group>";
		};
/* End PBXGroup section */

/* Begin PBXNativeTarget section */
		C30ED67C21FD267200F64C47 /* MyRestaturant */ = {
			isa = PBXNativeTarget;
			buildConfigurationList = C30ED6A821FD267500F64C47 /* Build configuration list for PBXNativeTarget "MyRestaturant" */;
			buildPhases = (
				C30ED67921FD267200F64C47 /* Sources */,
				C30ED67A21FD267200F64C47 /* Frameworks */,
				C30ED67B21FD267200F64C47 /* Resources */,
			);
			buildRules = (
			);
			dependencies = (
			);
			name = MyRestaturant;
			productName = MyRestaturant;
			productReference = C30ED67D21FD267200F64C47 /* MyRestaturant.app */;
			productType = "com.apple.product-type.application";
		};
		C30ED69321FD267400F64C47 /* MyRestaturantTests */ = {
			isa = PBXNativeTarget;
			buildConfigurationList = C30ED6AB21FD267500F64C47 /* Build configuration list for PBXNativeTarget "MyRestaturantTests" */;
			buildPhases = (
				C30ED69021FD267400F64C47 /* Sources */,
				C30ED69121FD267400F64C47 /* Frameworks */,
				C30ED69221FD267400F64C47 /* Resources */,
			);
			buildRules = (
			);
			dependencies = (
				C30ED69621FD267400F64C47 /* PBXTargetDependency */,
			);
			name = MyRestaturantTests;
			productName = MyRestaturantTests;
			productReference = C30ED69421FD267400F64C47 /* MyRestaturantTests.xctest */;
			productType = "com.apple.product-type.bundle.unit-test";
		};
		C30ED69E21FD267400F64C47 /* MyRestaturantUITests */ = {
			isa = PBXNativeTarget;
			buildConfigurationList = C30ED6AE21FD267500F64C47 /* Build configuration list for PBXNativeTarget "MyRestaturantUITests" */;
			buildPhases = (
				C30ED69B21FD267400F64C47 /* Sources */,
				C30ED69C21FD267400F64C47 /* Frameworks */,
				C30ED69D21FD267400F64C47 /* Resources */,
			);
			buildRules = (
			);
			dependencies = (
				C30ED6A121FD267400F64C47 /* PBXTargetDependency */,
			);
			name = MyRestaturantUITests;
			productName = MyRestaturantUITests;
			productReference = C30ED69F21FD267400F64C47 /* MyRestaturantUITests.xctest */;
			productType = "com.apple.product-type.bundle.ui-testing";
		};
/* End PBXNativeTarget section */

/* Begin PBXProject section */
		C30ED67521FD267200F64C47 /* Project object */ = {
			isa = PBXProject;
			attributes = {
				LastSwiftUpdateCheck = 1010;
				LastUpgradeCheck = 1010;
				ORGANIZATIONNAME = AnthonyBaldwin;
				TargetAttributes = {
					C30ED67C21FD267200F64C47 = {
						CreatedOnToolsVersion = 10.1;
						LastSwiftMigration = 1010;
					};
					C30ED69321FD267400F64C47 = {
						CreatedOnToolsVersion = 10.1;
						TestTargetID = C30ED67C21FD267200F64C47;
					};
					C30ED69E21FD267400F64C47 = {
						CreatedOnToolsVersion = 10.1;
						TestTargetID = C30ED67C21FD267200F64C47;
					};
				};
			};
			buildConfigurationList = C30ED67821FD267200F64C47 /* Build configuration list for PBXProject "MyRestaturant" */;
			compatibilityVersion = "Xcode 9.3";
			developmentRegion = en;
			hasScannedForEncodings = 0;
			knownRegions = (
				en,
				Base,
			);
			mainGroup = C30ED67421FD267200F64C47;
			productRefGroup = C30ED67E21FD267200F64C47 /* Products */;
			projectDirPath = "";
			projectRoot = "";
			targets = (
				C30ED67C21FD267200F64C47 /* MyRestaturant */,
				C30ED69321FD267400F64C47 /* MyRestaturantTests */,
				C30ED69E21FD267400F64C47 /* MyRestaturantUITests */,
			);
		};
/* End PBXProject section */

/* Begin PBXResourcesBuildPhase section */
		C30ED67B21FD267200F64C47 /* Resources */ = {
			isa = PBXResourcesBuildPhase;
			buildActionMask = 2147483647;
			files = (
				C30ED68E21FD267400F64C47 /* LaunchScreen.storyboard in Resources */,
				C30ED6B621FF700200F64C47 /* Default-568h@2x.png in Resources */,
				C30ED68B21FD267400F64C47 /* Assets.xcassets in Resources */,
				C30ED68621FD267200F64C47 /* Main.storyboard in Resources */,
			);
			runOnlyForDeploymentPostprocessing = 0;
		};
		C30ED69221FD267400F64C47 /* Resources */ = {
			isa = PBXResourcesBuildPhase;
			buildActionMask = 2147483647;
			files = (
			);
			runOnlyForDeploymentPostprocessing = 0;
		};
		C30ED69D21FD267400F64C47 /* Resources */ = {
			isa = PBXResourcesBuildPhase;
			buildActionMask = 2147483647;
			files = (
			);
			runOnlyForDeploymentPostprocessing = 0;
		};
/* End PBXResourcesBuildPhase section */

/* Begin PBXSourcesBuildPhase section */
		C30ED67921FD267200F64C47 /* Sources */ = {
			isa = PBXSourcesBuildPhase;
			buildActionMask = 2147483647;
			files = (
				C3C81B1322011F540045E60F /* ViewController.swift in Sources */,
				C3C81B072200EB260045E60F /* RecipeVC.swift in Sources */,
				C30ED68321FD267200F64C47 /* MainVC.swift in Sources */,
				C3FA5B83221CA5CA008356AC /* RecipeDetailVC.swift in Sources */,
				C3C81B17220134550045E60F /* SettingsTableViewVC.swift in Sources */,
				C30ED6BC21FF9EE900F64C47 /* MainMenuVC.swift in Sources */,
				C3C81B15220127340045E60F /* DateSelectVC.swift in Sources */,
				C3C81B0B2200FD040045E60F /* MeterialViews.swift in Sources */,
				C3C81B582204ECB20045E60F /* InventoryCellVC.swift in Sources */,
				C30ED6BE21FFA57900F64C47 /* CellVC.swift in Sources */,
				C3C81B052200EA2A0045E60F /* InventoryVC.swift in Sources */,
				C3C81B0D22010F2C0045E60F /* CollectionCellVC.swift in Sources */,
				C30ED6C021FFAE9B00F64C47 /* FirstVC.swift in Sources */,
				C3C81B092200F8510045E60F /* MenuItemVC.swift in Sources */,
				C3C81B1122011F0A0045E60F /* DateCell.swift in Sources */,
				C3C81B0F22011EBB0045E60F /* CalendarVars.swift in Sources */,
				C30ED68921FD267200F64C47 /* MyRestaturant.xcdatamodeld in Sources */,
				C3FA5B81221CA5A1008356AC /* RecipeCellVC.swift in Sources */,
				C30ED68121FD267200F64C47 /* AppDelegate.swift in Sources */,
				C30ED6BA21FF795E00F64C47 /* SWRevealViewController.m in Sources */,
			);
			runOnlyForDeploymentPostprocessing = 0;
		};
		C30ED69021FD267400F64C47 /* Sources */ = {
			isa = PBXSourcesBuildPhase;
			buildActionMask = 2147483647;
			files = (
				C30ED69921FD267400F64C47 /* MyRestaturantTests.swift in Sources */,
			);
			runOnlyForDeploymentPostprocessing = 0;
		};
		C30ED69B21FD267400F64C47 /* Sources */ = {
			isa = PBXSourcesBuildPhase;
			buildActionMask = 2147483647;
			files = (
				C30ED6A421FD267500F64C47 /* MyRestaturantUITests.swift in Sources */,
			);
			runOnlyForDeploymentPostprocessing = 0;
		};
/* End PBXSourcesBuildPhase section */

/* Begin PBXTargetDependency section */
		C30ED69621FD267400F64C47 /* PBXTargetDependency */ = {
			isa = PBXTargetDependency;
			target = C30ED67C21FD267200F64C47 /* MyRestaturant */;
			targetProxy = C30ED69521FD267400F64C47 /* PBXContainerItemProxy */;
		};
		C30ED6A121FD267400F64C47 /* PBXTargetDependency */ = {
			isa = PBXTargetDependency;
			target = C30ED67C21FD267200F64C47 /* MyRestaturant */;
			targetProxy = C30ED6A021FD267400F64C47 /* PBXContainerItemProxy */;
		};
/* End PBXTargetDependency section */

/* Begin PBXVariantGroup section */
		C30ED68421FD267200F64C47 /* Main.storyboard */ = {
			isa = PBXVariantGroup;
			children = (
				C30ED68521FD267200F64C47 /* Base */,
			);
			name = Main.storyboard;
			sourceTree = "<group>";
		};
		C30ED68C21FD267400F64C47 /* LaunchScreen.storyboard */ = {
			isa = PBXVariantGroup;
			children = (
				C30ED68D21FD267400F64C47 /* Base */,
			);
			name = LaunchScreen.storyboard;
			sourceTree = "<group>";
		};
/* End PBXVariantGroup section */

/* Begin XCBuildConfiguration section */
		C30ED6A621FD267500F64C47 /* Debug */ = {
			isa = XCBuildConfiguration;
			buildSettings = {
				ALWAYS_SEARCH_USER_PATHS = NO;
				CLANG_ANALYZER_NONNULL = YES;
				CLANG_ANALYZER_NUMBER_OBJECT_CONVERSION = YES_AGGRESSIVE;
				CLANG_CXX_LANGUAGE_STANDARD = "gnu++14";
				CLANG_CXX_LIBRARY = "libc++";
				CLANG_ENABLE_MODULES = YES;
				CLANG_ENABLE_OBJC_ARC = YES;
				CLANG_ENABLE_OBJC_WEAK = YES;
				CLANG_WARN_BLOCK_CAPTURE_AUTORELEASING = YES;
				CLANG_WARN_BOOL_CONVERSION = YES;
				CLANG_WARN_COMMA = YES;
				CLANG_WARN_CONSTANT_CONVERSION = YES;
				CLANG_WARN_DEPRECATED_OBJC_IMPLEMENTATIONS = YES;
				CLANG_WARN_DIRECT_OBJC_ISA_USAGE = YES_ERROR;
				CLANG_WARN_DOCUMENTATION_COMMENTS = YES;
				CLANG_WARN_EMPTY_BODY = YES;
				CLANG_WARN_ENUM_CONVERSION = YES;
				CLANG_WARN_INFINITE_RECURSION = YES;
				CLANG_WARN_INT_CONVERSION = YES;
				CLANG_WARN_NON_LITERAL_NULL_CONVERSION = YES;
				CLANG_WARN_OBJC_IMPLICIT_RETAIN_SELF = YES;
				CLANG_WARN_OBJC_LITERAL_CONVERSION = YES;
				CLANG_WARN_OBJC_ROOT_CLASS = YES_ERROR;
				CLANG_WARN_RANGE_LOOP_ANALYSIS = YES;
				CLANG_WARN_STRICT_PROTOTYPES = YES;
				CLANG_WARN_SUSPICIOUS_MOVE = YES;
				CLANG_WARN_UNGUARDED_AVAILABILITY = YES_AGGRESSIVE;
				CLANG_WARN_UNREACHABLE_CODE = YES;
				CLANG_WARN__DUPLICATE_METHOD_MATCH = YES;
				CODE_SIGN_IDENTITY = "iPhone Developer";
				COPY_PHASE_STRIP = NO;
				DEBUG_INFORMATION_FORMAT = dwarf;
				ENABLE_STRICT_OBJC_MSGSEND = YES;
				ENABLE_TESTABILITY = YES;
				GCC_C_LANGUAGE_STANDARD = gnu11;
				GCC_DYNAMIC_NO_PIC = NO;
				GCC_NO_COMMON_BLOCKS = YES;
				GCC_OPTIMIZATION_LEVEL = 0;
				GCC_PREPROCESSOR_DEFINITIONS = (
					"DEBUG=1",
					"$(inherited)",
				);
				GCC_WARN_64_TO_32_BIT_CONVERSION = YES;
				GCC_WARN_ABOUT_RETURN_TYPE = YES_ERROR;
				GCC_WARN_UNDECLARED_SELECTOR = YES;
				GCC_WARN_UNINITIALIZED_AUTOS = YES_AGGRESSIVE;
				GCC_WARN_UNUSED_FUNCTION = YES;
				GCC_WARN_UNUSED_VARIABLE = YES;
				IPHONEOS_DEPLOYMENT_TARGET = 12.1;
				MTL_ENABLE_DEBUG_INFO = INCLUDE_SOURCE;
				MTL_FAST_MATH = YES;
				ONLY_ACTIVE_ARCH = YES;
				SDKROOT = iphoneos;
				SWIFT_ACTIVE_COMPILATION_CONDITIONS = DEBUG;
				SWIFT_OPTIMIZATION_LEVEL = "-Onone";
			};
			name = Debug;
		};
		C30ED6A721FD267500F64C47 /* Release */ = {
			isa = XCBuildConfiguration;
			buildSettings = {
				ALWAYS_SEARCH_USER_PATHS = NO;
				CLANG_ANALYZER_NONNULL = YES;
				CLANG_ANALYZER_NUMBER_OBJECT_CONVERSION = YES_AGGRESSIVE;
				CLANG_CXX_LANGUAGE_STANDARD = "gnu++14";
				CLANG_CXX_LIBRARY = "libc++";
				CLANG_ENABLE_MODULES = YES;
				CLANG_ENABLE_OBJC_ARC = YES;
				CLANG_ENABLE_OBJC_WEAK = YES;
				CLANG_WARN_BLOCK_CAPTURE_AUTORELEASING = YES;
				CLANG_WARN_BOOL_CONVERSION = YES;
				CLANG_WARN_COMMA = YES;
				CLANG_WARN_CONSTANT_CONVERSION = YES;
				CLANG_WARN_DEPRECATED_OBJC_IMPLEMENTATIONS = YES;
				CLANG_WARN_DIRECT_OBJC_ISA_USAGE = YES_ERROR;
				CLANG_WARN_DOCUMENTATION_COMMENTS = YES;
				CLANG_WARN_EMPTY_BODY = YES;
				CLANG_WARN_ENUM_CONVERSION = YES;
				CLANG_WARN_INFINITE_RECURSION = YES;
				CLANG_WARN_INT_CONVERSION = YES;
				CLANG_WARN_NON_LITERAL_NULL_CONVERSION = YES;
				CLANG_WARN_OBJC_IMPLICIT_RETAIN_SELF = YES;
				CLANG_WARN_OBJC_LITERAL_CONVERSION = YES;
				CLANG_WARN_OBJC_ROOT_CLASS = YES_ERROR;
				CLANG_WARN_RANGE_LOOP_ANALYSIS = YES;
				CLANG_WARN_STRICT_PROTOTYPES = YES;
				CLANG_WARN_SUSPICIOUS_MOVE = YES;
				CLANG_WARN_UNGUARDED_AVAILABILITY = YES_AGGRESSIVE;
				CLANG_WARN_UNREACHABLE_CODE = YES;
				CLANG_WARN__DUPLICATE_METHOD_MATCH = YES;
				CODE_SIGN_IDENTITY = "iPhone Developer";
				COPY_PHASE_STRIP = NO;
				DEBUG_INFORMATION_FORMAT = "dwarf-with-dsym";
				ENABLE_NS_ASSERTIONS = NO;
				ENABLE_STRICT_OBJC_MSGSEND = YES;
				GCC_C_LANGUAGE_STANDARD = gnu11;
				GCC_NO_COMMON_BLOCKS = YES;
				GCC_WARN_64_TO_32_BIT_CONVERSION = YES;
				GCC_WARN_ABOUT_RETURN_TYPE = YES_ERROR;
				GCC_WARN_UNDECLARED_SELECTOR = YES;
				GCC_WARN_UNINITIALIZED_AUTOS = YES_AGGRESSIVE;
				GCC_WARN_UNUSED_FUNCTION = YES;
				GCC_WARN_UNUSED_VARIABLE = YES;
				IPHONEOS_DEPLOYMENT_TARGET = 12.1;
				MTL_ENABLE_DEBUG_INFO = NO;
				MTL_FAST_MATH = YES;
				SDKROOT = iphoneos;
				SWIFT_COMPILATION_MODE = wholemodule;
				SWIFT_OPTIMIZATION_LEVEL = "-O";
				VALIDATE_PRODUCT = YES;
			};
			name = Release;
		};
		C30ED6A921FD267500F64C47 /* Debug */ = {
			isa = XCBuildConfiguration;
			buildSettings = {
				ASSETCATALOG_COMPILER_APPICON_NAME = AppIcon;
				CLANG_ENABLE_MODULES = YES;
				CODE_SIGN_STYLE = Automatic;
				DEVELOPMENT_TEAM = TYAA352Y59;
				INFOPLIST_FILE = "$(SRCROOT)/MyRestaturant/Supporting Files/Info.plist";
				IPHONEOS_DEPLOYMENT_TARGET = 10.3;
				LD_RUNPATH_SEARCH_PATHS = (
					"$(inherited)",
					"@executable_path/Frameworks",
				);
				PRODUCT_BUNDLE_IDENTIFIER = com.AnthonyBaldwin.MyRestaturant;
				PRODUCT_NAME = "$(TARGET_NAME)";
				SWIFT_OBJC_BRIDGING_HEADER = "MyRestaturant/Supporting Files/MyRestaturant-Bridging-Header.h";
				SWIFT_OPTIMIZATION_LEVEL = "-Onone";
				SWIFT_VERSION = 4.2;
				TARGETED_DEVICE_FAMILY = "1,2";
			};
			name = Debug;
		};
		C30ED6AA21FD267500F64C47 /* Release */ = {
			isa = XCBuildConfiguration;
			buildSettings = {
				ASSETCATALOG_COMPILER_APPICON_NAME = AppIcon;
				CLANG_ENABLE_MODULES = YES;
				CODE_SIGN_STYLE = Automatic;
				DEVELOPMENT_TEAM = TYAA352Y59;
				INFOPLIST_FILE = "$(SRCROOT)/MyRestaturant/Supporting Files/Info.plist";
				IPHONEOS_DEPLOYMENT_TARGET = 10.3;
				LD_RUNPATH_SEARCH_PATHS = (
					"$(inherited)",
					"@executable_path/Frameworks",
				);
				PRODUCT_BUNDLE_IDENTIFIER = com.AnthonyBaldwin.MyRestaturant;
				PRODUCT_NAME = "$(TARGET_NAME)";
				SWIFT_OBJC_BRIDGING_HEADER = "MyRestaturant/Supporting Files/MyRestaturant-Bridging-Header.h";
				SWIFT_VERSION = 4.2;
				TARGETED_DEVICE_FAMILY = "1,2";
			};
			name = Release;
		};
		C30ED6AC21FD267500F64C47 /* Debug */ = {
			isa = XCBuildConfiguration;
			buildSettings = {
				ALWAYS_EMBED_SWIFT_STANDARD_LIBRARIES = YES;
				BUNDLE_LOADER = "$(TEST_HOST)";
				CODE_SIGN_STYLE = Automatic;
				DEVELOPMENT_TEAM = TYAA352Y59;
				INFOPLIST_FILE = MyRestaturantTests/Info.plist;
				LD_RUNPATH_SEARCH_PATHS = (
					"$(inherited)",
					"@executable_path/Frameworks",
					"@loader_path/Frameworks",
				);
				PRODUCT_BUNDLE_IDENTIFIER = com.AnthonyBaldwin.MyRestaturantTests;
				PRODUCT_NAME = "$(TARGET_NAME)";
				SWIFT_VERSION = 4.2;
				TARGETED_DEVICE_FAMILY = "1,2";
				TEST_HOST = "$(BUILT_PRODUCTS_DIR)/MyRestaturant.app/MyRestaturant";
			};
			name = Debug;
		};
		C30ED6AD21FD267500F64C47 /* Release */ = {
			isa = XCBuildConfiguration;
			buildSettings = {
				ALWAYS_EMBED_SWIFT_STANDARD_LIBRARIES = YES;
				BUNDLE_LOADER = "$(TEST_HOST)";
				CODE_SIGN_STYLE = Automatic;
				DEVELOPMENT_TEAM = TYAA352Y59;
				INFOPLIST_FILE = MyRestaturantTests/Info.plist;
				LD_RUNPATH_SEARCH_PATHS = (
					"$(inherited)",
					"@executable_path/Frameworks",
					"@loader_path/Frameworks",
				);
				PRODUCT_BUNDLE_IDENTIFIER = com.AnthonyBaldwin.MyRestaturantTests;
				PRODUCT_NAME = "$(TARGET_NAME)";
				SWIFT_VERSION = 4.2;
				TARGETED_DEVICE_FAMILY = "1,2";
				TEST_HOST = "$(BUILT_PRODUCTS_DIR)/MyRestaturant.app/MyRestaturant";
			};
			name = Release;
		};
		C30ED6AF21FD267500F64C47 /* Debug */ = {
			isa = XCBuildConfiguration;
			buildSettings = {
				ALWAYS_EMBED_SWIFT_STANDARD_LIBRARIES = YES;
				CODE_SIGN_STYLE = Automatic;
				DEVELOPMENT_TEAM = TYAA352Y59;
				INFOPLIST_FILE = MyRestaturantUITests/Info.plist;
				LD_RUNPATH_SEARCH_PATHS = (
					"$(inherited)",
					"@executable_path/Frameworks",
					"@loader_path/Frameworks",
				);
				PRODUCT_BUNDLE_IDENTIFIER = com.AnthonyBaldwin.MyRestaturantUITests;
				PRODUCT_NAME = "$(TARGET_NAME)";
				SWIFT_VERSION = 4.2;
				TARGETED_DEVICE_FAMILY = "1,2";
				TEST_TARGET_NAME = MyRestaturant;
			};
			name = Debug;
		};
		C30ED6B021FD267500F64C47 /* Release */ = {
			isa = XCBuildConfiguration;
			buildSettings = {
				ALWAYS_EMBED_SWIFT_STANDARD_LIBRARIES = YES;
				CODE_SIGN_STYLE = Automatic;
				DEVELOPMENT_TEAM = TYAA352Y59;
				INFOPLIST_FILE = MyRestaturantUITests/Info.plist;
				LD_RUNPATH_SEARCH_PATHS = (
					"$(inherited)",
					"@executable_path/Frameworks",
					"@loader_path/Frameworks",
				);
				PRODUCT_BUNDLE_IDENTIFIER = com.AnthonyBaldwin.MyRestaturantUITests;
				PRODUCT_NAME = "$(TARGET_NAME)";
				SWIFT_VERSION = 4.2;
				TARGETED_DEVICE_FAMILY = "1,2";
				TEST_TARGET_NAME = MyRestaturant;
			};
			name = Release;
		};
/* End XCBuildConfiguration section */

/* Begin XCConfigurationList section */
		C30ED67821FD267200F64C47 /* Build configuration list for PBXProject "MyRestaturant" */ = {
			isa = XCConfigurationList;
			buildConfigurations = (
				C30ED6A621FD267500F64C47 /* Debug */,
				C30ED6A721FD267500F64C47 /* Release */,
			);
			defaultConfigurationIsVisible = 0;
			defaultConfigurationName = Release;
		};
		C30ED6A821FD267500F64C47 /* Build configuration list for PBXNativeTarget "MyRestaturant" */ = {
			isa = XCConfigurationList;
			buildConfigurations = (
				C30ED6A921FD267500F64C47 /* Debug */,
				C30ED6AA21FD267500F64C47 /* Release */,
			);
			defaultConfigurationIsVisible = 0;
			defaultConfigurationName = Release;
		};
		C30ED6AB21FD267500F64C47 /* Build configuration list for PBXNativeTarget "MyRestaturantTests" */ = {
			isa = XCConfigurationList;
			buildConfigurations = (
				C30ED6AC21FD267500F64C47 /* Debug */,
				C30ED6AD21FD267500F64C47 /* Release */,
			);
			defaultConfigurationIsVisible = 0;
			defaultConfigurationName = Release;
		};
		C30ED6AE21FD267500F64C47 /* Build configuration list for PBXNativeTarget "MyRestaturantUITests" */ = {
			isa = XCConfigurationList;
			buildConfigurations = (
				C30ED6AF21FD267500F64C47 /* Debug */,
				C30ED6B021FD267500F64C47 /* Release */,
			);
			defaultConfigurationIsVisible = 0;
			defaultConfigurationName = Release;
		};
/* End XCConfigurationList section */

/* Begin XCVersionGroup section */
		C30ED68721FD267200F64C47 /* MyRestaturant.xcdatamodeld */ = {
			isa = XCVersionGroup;
			children = (
				C30ED68821FD267200F64C47 /* MyRestaturant.xcdatamodel */,
			);
			currentVersion = C30ED68821FD267200F64C47 /* MyRestaturant.xcdatamodel */;
			path = MyRestaturant.xcdatamodeld;
			sourceTree = "<group>";
			versionGroupType = wrapper.xcdatamodel;
		};
/* End XCVersionGroup section */
	};
	rootObject = C30ED67521FD267200F64C47 /* Project object */;
}
